Microsoft Visual Studio Solution File, Format Version 12.00
# Visual Studio Version 17
VisualStudioVersion = 17.5.2.0
MinimumVisualStudioVersion = 10.0.40219.1
Project("{FAE04EC0-301F-11D3-BF4B-00C04F79EFBC}") = "Muiticast delegates", "Muiticast delegates.csproj", "{4946DD7F-B896-90AE-3421-1BA9D1238344}"
EndProject
Global
	GlobalSection(SolutionConfigurationPlatforms) = preSolution
		Debug|Any CPU = Debug|Any CPU
		Release|Any CPU = Release|Any CPU
	EndGlobalSection
	GlobalSection(ProjectConfigurationPlatforms) = postSolution
		{4946DD7F-B896-90AE-3421-1BA9D1238344}.Debug|Any CPU.ActiveCfg = Debug|Any CPU
		{4946DD7F-B896-90AE-3421-1BA9D1238344}.Debug|Any CPU.Build.0 = Debug|Any CPU
		{4946DD7F-B896-90AE-3421-1BA9D1238344}.Release|Any CPU.ActiveCfg = Release|Any CPU
		{4946DD7F-B896-90AE-3421-1BA9D1238344}.Release|Any CPU.Build.0 = Release|Any CPU
	EndGlobalSection
	GlobalSection(SolutionProperties) = preSolution
		HideSolutionNode = FALSE
	EndGlobalSection
	GlobalSection(ExtensibilityGlobals) = postSolution
		SolutionGuid = {25FDB159-3E10-43FF-B351-8E5F03FBC346}
	EndGlobalSection
EndGlobal
