Microsoft Visual Studio Solution File, Format Version 12.00
# Visual Studio Version 17
VisualStudioVersion = 17.5.2.0
MinimumVisualStudioVersion = 10.0.40219.1
Project("{FAE04EC0-301F-11D3-BF4B-00C04F79EFBC}") = "Demonstracao", "Demonstracao.csproj", "{40392BF9-53A5-DDF3-9FA7-530A4B5C8E78}"
EndProject
Global
	GlobalSection(SolutionConfigurationPlatforms) = preSolution
		Debug|Any CPU = Debug|Any CPU
		Release|Any CPU = Release|Any CPU
	EndGlobalSection
	GlobalSection(ProjectConfigurationPlatforms) = postSolution
		{40392BF9-53A5-DDF3-9FA7-530A4B5C8E78}.Debug|Any CPU.ActiveCfg = Debug|Any CPU
		{40392BF9-53A5-DDF3-9FA7-530A4B5C8E78}.Debug|Any CPU.Build.0 = Debug|Any CPU
		{40392BF9-53A5-DDF3-9FA7-530A4B5C8E78}.Release|Any CPU.ActiveCfg = Release|Any CPU
		{40392BF9-53A5-DDF3-9FA7-530A4B5C8E78}.Release|Any CPU.Build.0 = Release|Any CPU
	EndGlobalSection
	GlobalSection(SolutionProperties) = preSolution
		HideSolutionNode = FALSE
	EndGlobalSection
	GlobalSection(ExtensibilityGlobals) = postSolution
		SolutionGuid = {21700A22-8550-404C-BE09-2D6CBD5042D5}
	EndGlobalSection
EndGlobal
