Microsoft Visual Studio Solution File, Format Version 12.00
# Visual Studio Version 17
VisualStudioVersion = 17.5.2.0
MinimumVisualStudioVersion = 10.0.40219.1
Project("{FAE04EC0-301F-11D3-BF4B-00C04F79EFBC}") = "Udemy Algebra Relacional", "Udemy Algebra Relacional.csproj", "{6197CE1A-1E73-AE67-4A82-301520199270}"
EndProject
Global
	GlobalSection(SolutionConfigurationPlatforms) = preSolution
		Debug|Any CPU = Debug|Any CPU
		Release|Any CPU = Release|Any CPU
	EndGlobalSection
	GlobalSection(ProjectConfigurationPlatforms) = postSolution
		{6197CE1A-1E73-AE67-4A82-301520199270}.Debug|Any CPU.ActiveCfg = Debug|Any CPU
		{6197CE1A-1E73-AE67-4A82-301520199270}.Debug|Any CPU.Build.0 = Debug|Any CPU
		{6197CE1A-1E73-AE67-4A82-301520199270}.Release|Any CPU.ActiveCfg = Release|Any CPU
		{6197CE1A-1E73-AE67-4A82-301520199270}.Release|Any CPU.Build.0 = Release|Any CPU
	EndGlobalSection
	GlobalSection(SolutionProperties) = preSolution
		HideSolutionNode = FALSE
	EndGlobalSection
	GlobalSection(ExtensibilityGlobals) = postSolution
		SolutionGuid = {61BA1A87-2337-4C94-ACEE-6EB44E65CBCC}
	EndGlobalSection
EndGlobal
