Microsoft Visual Studio Solution File, Format Version 12.00
# Visual Studio Version 17
VisualStudioVersion = 17.5.2.0
MinimumVisualStudioVersion = 10.0.40219.1
Project("{FAE04EC0-301F-11D3-BF4B-00C04F79EFBC}") = "EF_core_vazio", "EF_core_vazio.csproj", "{0DF2A666-B421-6EA6-03A0-60C71001CE1F}"
EndProject
Global
	GlobalSection(SolutionConfigurationPlatforms) = preSolution
		Debug|Any CPU = Debug|Any CPU
		Release|Any CPU = Release|Any CPU
	EndGlobalSection
	GlobalSection(ProjectConfigurationPlatforms) = postSolution
		{0DF2A666-B421-6EA6-03A0-60C71001CE1F}.Debug|Any CPU.ActiveCfg = Debug|Any CPU
		{0DF2A666-B421-6EA6-03A0-60C71001CE1F}.Debug|Any CPU.Build.0 = Debug|Any CPU
		{0DF2A666-B421-6EA6-03A0-60C71001CE1F}.Release|Any CPU.ActiveCfg = Release|Any CPU
		{0DF2A666-B421-6EA6-03A0-60C71001CE1F}.Release|Any CPU.Build.0 = Release|Any CPU
	EndGlobalSection
	GlobalSection(SolutionProperties) = preSolution
		HideSolutionNode = FALSE
	EndGlobalSection
	GlobalSection(ExtensibilityGlobals) = postSolution
		SolutionGuid = {8044C0F6-2AD7-45C1-9485-3353C4D3106F}
	EndGlobalSection
EndGlobal
