Microsoft Visual Studio Solution File, Format Version 12.00
# Visual Studio Version 17
VisualStudioVersion = 17.5.2.0
MinimumVisualStudioVersion = 10.0.40219.1
Project("{FAE04EC0-301F-11D3-BF4B-00C04F79EFBC}") = "ExercicioEnumsDateTimeETC", "ExercicioEnumsDateTimeETC.csproj", "{02A26AF8-191F-19AB-7B70-132A23DE1220}"
EndProject
Global
	GlobalSection(SolutionConfigurationPlatforms) = preSolution
		Debug|Any CPU = Debug|Any CPU
		Release|Any CPU = Release|Any CPU
	EndGlobalSection
	GlobalSection(ProjectConfigurationPlatforms) = postSolution
		{02A26AF8-191F-19AB-7B70-132A23DE1220}.Debug|Any CPU.ActiveCfg = Debug|Any CPU
		{02A26AF8-191F-19AB-7B70-132A23DE1220}.Debug|Any CPU.Build.0 = Debug|Any CPU
		{02A26AF8-191F-19AB-7B70-132A23DE1220}.Release|Any CPU.ActiveCfg = Release|Any CPU
		{02A26AF8-191F-19AB-7B70-132A23DE1220}.Release|Any CPU.Build.0 = Release|Any CPU
	EndGlobalSection
	GlobalSection(SolutionProperties) = preSolution
		HideSolutionNode = FALSE
	EndGlobalSection
	GlobalSection(ExtensibilityGlobals) = postSolution
		SolutionGuid = {47FC7A1B-D850-4432-8D6B-DC6ADDE94388}
	EndGlobalSection
EndGlobal
