Microsoft Visual Studio Solution File, Format Version 12.00
# Visual Studio Version 17
VisualStudioVersion = 17.5.2.0
MinimumVisualStudioVersion = 10.0.40219.1
Project("{FAE04EC0-301F-11D3-BF4B-00C04F79EFBC}") = "Exercicio-Construtores-Propriedades-Sobrecarga", "Exercicio-Construtores-Propriedades-Sobrecarga.csproj", "{953D8ED5-8E38-87AB-CC03-BBB4217F3F95}"
EndProject
Global
	GlobalSection(SolutionConfigurationPlatforms) = preSolution
		Debug|Any CPU = Debug|Any CPU
		Release|Any CPU = Release|Any CPU
	EndGlobalSection
	GlobalSection(ProjectConfigurationPlatforms) = postSolution
		{953D8ED5-8E38-87AB-CC03-BBB4217F3F95}.Debug|Any CPU.ActiveCfg = Debug|Any CPU
		{953D8ED5-8E38-87AB-CC03-BBB4217F3F95}.Debug|Any CPU.Build.0 = Debug|Any CPU
		{953D8ED5-8E38-87AB-CC03-BBB4217F3F95}.Release|Any CPU.ActiveCfg = Release|Any CPU
		{953D8ED5-8E38-87AB-CC03-BBB4217F3F95}.Release|Any CPU.Build.0 = Release|Any CPU
	EndGlobalSection
	GlobalSection(SolutionProperties) = preSolution
		HideSolutionNode = FALSE
	EndGlobalSection
	GlobalSection(ExtensibilityGlobals) = postSolution
		SolutionGuid = {3FFA5FFD-66E0-427E-9EB3-E8566ABAD774}
	EndGlobalSection
EndGlobal
