Microsoft Visual Studio Solution File, Format Version 12.00
# Visual Studio Version 17
VisualStudioVersion = 17.5.2.0
MinimumVisualStudioVersion = 10.0.40219.1
Project("{FAE04EC0-301F-11D3-BF4B-00C04F79EFBC}") = "Guiado", "Guiado.csproj", "{C5914A91-A1BD-4178-4509-A9589D051578}"
EndProject
Global
	GlobalSection(SolutionConfigurationPlatforms) = preSolution
		Debug|Any CPU = Debug|Any CPU
		Release|Any CPU = Release|Any CPU
	EndGlobalSection
	GlobalSection(ProjectConfigurationPlatforms) = postSolution
		{C5914A91-A1BD-4178-4509-A9589D051578}.Debug|Any CPU.ActiveCfg = Debug|Any CPU
		{C5914A91-A1BD-4178-4509-A9589D051578}.Debug|Any CPU.Build.0 = Debug|Any CPU
		{C5914A91-A1BD-4178-4509-A9589D051578}.Release|Any CPU.ActiveCfg = Release|Any CPU
		{C5914A91-A1BD-4178-4509-A9589D051578}.Release|Any CPU.Build.0 = Release|Any CPU
	EndGlobalSection
	GlobalSection(SolutionProperties) = preSolution
		HideSolutionNode = FALSE
	EndGlobalSection
	GlobalSection(ExtensibilityGlobals) = postSolution
		SolutionGuid = {2990D2BC-1D07-4570-B585-0EFD38FECF85}
	EndGlobalSection
EndGlobal
