Microsoft Visual Studio Solution File, Format Version 12.00
# Visual Studio Version 17
VisualStudioVersion = 17.5.2.0
MinimumVisualStudioVersion = 10.0.40219.1
Project("{FAE04EC0-301F-11D3-BF4B-00C04F79EFBC}") = "Course-array-listas-memoria", "Course-array-listas-memoria.csproj", "{2AE00EFE-CE57-4F05-B4DA-2EB072A172A8}"
EndProject
Global
	GlobalSection(SolutionConfigurationPlatforms) = preSolution
		Debug|Any CPU = Debug|Any CPU
		Release|Any CPU = Release|Any CPU
	EndGlobalSection
	GlobalSection(ProjectConfigurationPlatforms) = postSolution
		{2AE00EFE-CE57-4F05-B4DA-2EB072A172A8}.Debug|Any CPU.ActiveCfg = Debug|Any CPU
		{2AE00EFE-CE57-4F05-B4DA-2EB072A172A8}.Debug|Any CPU.Build.0 = Debug|Any CPU
		{2AE00EFE-CE57-4F05-B4DA-2EB072A172A8}.Release|Any CPU.ActiveCfg = Release|Any CPU
		{2AE00EFE-CE57-4F05-B4DA-2EB072A172A8}.Release|Any CPU.Build.0 = Release|Any CPU
	EndGlobalSection
	GlobalSection(SolutionProperties) = preSolution
		HideSolutionNode = FALSE
	EndGlobalSection
	GlobalSection(ExtensibilityGlobals) = postSolution
		SolutionGuid = {05FF193C-3CF5-45BD-B441-DD93934F6904}
	EndGlobalSection
EndGlobal
